
Microsoft Visual Studio Solution File, Format Version 12.00
# Visual Studio Version 17
VisualStudioVersion = 17.5.33414.496
MinimumVisualStudioVersion = 10.0.40219.1
Project("{FAE04EC0-301F-11D3-BF4B-00C04F79EFBC}") = "liste-2026-lazar", "liste-2026-lazar.csproj", "{4E552270-DE97-4443-A26B-0289E38F5262}"
EndProject
Global
	GlobalSection(SolutionConfigurationPlatforms) = preSolution
		Debug|Any CPU = Debug|Any CPU
		Release|Any CPU = Release|Any CPU
	EndGlobalSection
	GlobalSection(ProjectConfigurationPlatforms) = postSolution
		{4E552270-DE97-4443-A26B-0289E38F5262}.Debug|Any CPU.ActiveCfg = Debug|Any CPU
		{4E552270-DE97-4443-A26B-0289E38F5262}.Debug|Any CPU.Build.0 = Debug|Any CPU
		{4E552270-DE97-4443-A26B-0289E38F5262}.Release|Any CPU.ActiveCfg = Release|Any CPU
		{4E552270-DE97-4443-A26B-0289E38F5262}.Release|Any CPU.Build.0 = Release|Any CPU
	EndGlobalSection
	GlobalSection(SolutionProperties) = preSolution
		HideSolutionNode = FALSE
	EndGlobalSection
	GlobalSection(ExtensibilityGlobals) = postSolution
		SolutionGuid = {6F418C34-A487-41FB-A8BF-E23844ED62F9}
	EndGlobalSection
EndGlobal
